{
  "name": "test",
  "version": "1.0.0",
  "lockfileVersion": 3,
  "requires": true,
  "packages": {
    "": {
      "name": "test",
      "version": "1.0.0",
      "license": "Apache-2.0",
      "dependencies": {
        "@orsetto/meta-writer": "^0.1.5",
        "async": "^3.2.4"
      }
    },
    "../../pkg": {
      "name": "@orsetto/meta-writer",
      "version": "0.1.2",
      "extraneous": true,
      "license": "Apache-2.0",
      "dependencies": {
        "suppress-experimental-warnings": "^1.1.17"
      }
    },
    "node_modules/@orsetto/meta-writer": {
      "version": "0.1.5",
      "resolved": "https://registry.npmjs.org/@orsetto/meta-writer/-/meta-writer-0.1.5.tgz",
      "integrity": "sha512-4PwEgkkLGc/U34Vblbo/Lcwh3b/EaPBF9qnsyzrEZNJRjv26yN7w9p0GURhfEucvj9uXhWrRwop7ssdkBgMXRQ==",
      "dependencies": {
        "suppress-experimental-warnings": "^1.1.17"
      },
      "engines": {
        "node": ">=14"
      }
    },
    "node_modules/async": {
      "version": "3.2.4",
      "resolved": "https://registry.npmjs.org/async/-/async-3.2.4.tgz",
      "integrity": "sha512-iAB+JbDEGXhyIUavoDl9WP/Jj106Kz9DEn1DPgYw5ruDn0e3Wgi3sKFm55sASdGBNOQB8F59d9qQ7deqrHA8wQ=="
    },
    "node_modules/jiti": {
      "version": "1.21.0",
      "resolved": "https://registry.npmjs.org/jiti/-/jiti-1.21.0.tgz",
      "integrity": "sha512-gFqAIbuKyyso/3G2qhiO2OM6shY6EPP/R0+mkDbyspxKazh8BXDC5FiFsUjlczgdNz/vfra0da2y+aHrusLG/Q==",
      "bin": {
        "jiti": "bin/jiti.js"
      }
    },
    "node_modules/suppress-experimental-warnings": {
      "version": "1.1.17",
      "resolved": "https://registry.npmjs.org/suppress-experimental-warnings/-/suppress-experimental-warnings-1.1.17.tgz",
      "integrity": "sha512-n1huqqtVdNSTV04x0lC9gfBsCl6X+RRA10B6VTw8kQjrNbkwkU6DJB/qTbQFjO+ItYT9VbGe3NvuS4XWq5vUEQ==",
      "dependencies": {
        "jiti": "^1.18.2"
      },
      "engines": {
        "node": ">=14"
      },
      "funding": {
        "url": "https://github.com/sponsors/dword-design"
      }
    }
  }
}
