{
  "name": "test",
  "version": "1.0.0",
  "lockfileVersion": 3,
  "requires": true,
  "packages": {
    "": {
      "name": "test",
      "version": "1.0.0",
      "license": "Apache-2.0"
    },
    "../../pkg": {
      "name": "meta-writer",
      "version": "0.1.0",
      "license": "Apache-2.0",
      "dependencies": {
        "suppress-experimental-warnings": "^1.1.17"
      }
    },
    "node_modules/meta-writer": {
      "resolved": "../../pkg",
      "link": true
    }
  }
}
